// !$*UTF8*$!
{
	archiveVersion = 1;
	classes = {
	};
	objectVersion = 50;
	objects = {

/* Begin PBXBuildFile section */
		984B054227108F9F00A01B34 /* ResultsTVC.swift in Sources */ = {isa = PBXBuildFile; fileRef = 984B054127108F9F00A01B34 /* ResultsTVC.swift */; };
		984F37C4270DD80200707C6C /* AppDelegate.swift in Sources */ = {isa = PBXBuildFile; fileRef = 984F37C3270DD80200707C6C /* AppDelegate.swift */; };
		984F37C6270DD80200707C6C /* SceneDelegate.swift in Sources */ = {isa = PBXBuildFile; fileRef = 984F37C5270DD80200707C6C /* SceneDelegate.swift */; };
		984F37C8270DD80200707C6C /* SearchVC.swift in Sources */ = {isa = PBXBuildFile; fileRef = 984F37C7270DD80200707C6C /* SearchVC.swift */; };
		984F37CB270DD80200707C6C /* Main.storyboard in Resources */ = {isa = PBXBuildFile; fileRef = 984F37C9270DD80200707C6C /* Main.storyboard */; };
		984F37CD270DD80300707C6C /* Assets.xcassets in Resources */ = {isa = PBXBuildFile; fileRef = 984F37CC270DD80300707C6C /* Assets.xcassets */; };
		984F37D0270DD80300707C6C /* LaunchScreen.storyboard in Resources */ = {isa = PBXBuildFile; fileRef = 984F37CE270DD80300707C6C /* LaunchScreen.storyboard */; };
		984F37DD270DEEB700707C6C /* ResultVC.swift in Sources */ = {isa = PBXBuildFile; fileRef = 984F37DC270DEEB700707C6C /* ResultVC.swift */; };
		98821E13270E16BB003550A3 /* Model.swift in Sources */ = {isa = PBXBuildFile; fileRef = 98821E12270E16BB003550A3 /* Model.swift */; };
		98821E17270E1806003550A3 /* NetworkManager.swift in Sources */ = {isa = PBXBuildFile; fileRef = 98821E16270E1806003550A3 /* NetworkManager.swift */; };
/* End PBXBuildFile section */

/* Begin PBXFileReference section */
		984B054127108F9F00A01B34 /* ResultsTVC.swift */ = {isa = PBXFileReference; lastKnownFileType = sourcecode.swift; path = ResultsTVC.swift; sourceTree = "<group>"; };
		984F37C0270DD80200707C6C /* HW_2.app */ = {isa = PBXFileReference; explicitFileType = wrapper.application; includeInIndex = 0; path = HW_2.app; sourceTree = BUILT_PRODUCTS_DIR; };
		984F37C3270DD80200707C6C /* AppDelegate.swift */ = {isa = PBXFileReference; lastKnownFileType = sourcecode.swift; path = AppDelegate.swift; sourceTree = "<group>"; };
		984F37C5270DD80200707C6C /* SceneDelegate.swift */ = {isa = PBXFileReference; lastKnownFileType = sourcecode.swift; path = SceneDelegate.swift; sourceTree = "<group>"; };
		984F37C7270DD80200707C6C /* SearchVC.swift */ = {isa = PBXFileReference; lastKnownFileType = sourcecode.swift; path = SearchVC.swift; sourceTree = "<group>"; };
		984F37CA270DD80200707C6C /* Base */ = {isa = PBXFileReference; lastKnownFileType = file.storyboard; name = Base; path = Base.lproj/Main.storyboard; sourceTree = "<group>"; };
		984F37CC270DD80300707C6C /* Assets.xcassets */ = {isa = PBXFileReference; lastKnownFileType = folder.assetcatalog; path = Assets.xcassets; sourceTree = "<group>"; };
		984F37CF270DD80300707C6C /* Base */ = {isa = PBXFileReference; lastKnownFileType = file.storyboard; name = Base; path = Base.lproj/LaunchScreen.storyboard; sourceTree = "<group>"; };
		984F37D1270DD80300707C6C /* Info.plist */ = {isa = PBXFileReference; lastKnownFileType = text.plist.xml; path = Info.plist; sourceTree = "<group>"; };
		984F37DC270DEEB700707C6C /* ResultVC.swift */ = {isa = PBXFileReference; lastKnownFileType = sourcecode.swift; path = ResultVC.swift; sourceTree = "<group>"; };
		98821E12270E16BB003550A3 /* Model.swift */ = {isa = PBXFileReference; lastKnownFileType = sourcecode.swift; path = Model.swift; sourceTree = "<group>"; };
		98821E16270E1806003550A3 /* NetworkManager.swift */ = {isa = PBXFileReference; lastKnownFileType = sourcecode.swift; path = NetworkManager.swift; sourceTree = "<group>"; };
/* End PBXFileReference section */

/* Begin PBXFrameworksBuildPhase section */
		984F37BD270DD80200707C6C /* Frameworks */ = {
			isa = PBXFrameworksBuildPhase;
			buildActionMask = 2147483647;
			files = (
			);
			runOnlyForDeploymentPostprocessing = 0;
		};
/* End PBXFrameworksBuildPhase section */

/* Begin PBXGroup section */
		984F37B7270DD80200707C6C = {
			isa = PBXGroup;
			children = (
				984F37C2270DD80200707C6C /* HW_2 */,
				984F37C1270DD80200707C6C /* Products */,
			);
			sourceTree = "<group>";
		};
		984F37C1270DD80200707C6C /* Products */ = {
			isa = PBXGroup;
			children = (
				984F37C0270DD80200707C6C /* HW_2.app */,
			);
			name = Products;
			sourceTree = "<group>";
		};
		984F37C2270DD80200707C6C /* HW_2 */ = {
			isa = PBXGroup;
			children = (
				984F37C3270DD80200707C6C /* AppDelegate.swift */,
				984F37C5270DD80200707C6C /* SceneDelegate.swift */,
				984F37C7270DD80200707C6C /* SearchVC.swift */,
				984F37DC270DEEB700707C6C /* ResultVC.swift */,
				984B054127108F9F00A01B34 /* ResultsTVC.swift */,
				984F37C9270DD80200707C6C /* Main.storyboard */,
				984F37CC270DD80300707C6C /* Assets.xcassets */,
				984F37CE270DD80300707C6C /* LaunchScreen.storyboard */,
				984F37D1270DD80300707C6C /* Info.plist */,
				98821E12270E16BB003550A3 /* Model.swift */,
				98821E16270E1806003550A3 /* NetworkManager.swift */,
			);
			path = HW_2;
			sourceTree = "<group>";
		};
/* End PBXGroup section */

/* Begin PBXNativeTarget section */
		984F37BF270DD80200707C6C /* HW_2 */ = {
			isa = PBXNativeTarget;
			buildConfigurationList = 984F37D4270DD80300707C6C /* Build configuration list for PBXNativeTarget "HW_2" */;
			buildPhases = (
				984F37BC270DD80200707C6C /* Sources */,
				984F37BD270DD80200707C6C /* Frameworks */,
				984F37BE270DD80200707C6C /* Resources */,
			);
			buildRules = (
			);
			dependencies = (
			);
			name = HW_2;
			productName = HW_2;
			productReference = 984F37C0270DD80200707C6C /* HW_2.app */;
			productType = "com.apple.product-type.application";
		};
/* End PBXNativeTarget section */

/* Begin PBXProject section */
		984F37B8270DD80200707C6C /* Project object */ = {
			isa = PBXProject;
			attributes = {
				LastSwiftUpdateCheck = 1240;
				LastUpgradeCheck = 1240;
				TargetAttributes = {
					984F37BF270DD80200707C6C = {
						CreatedOnToolsVersion = 12.4;
					};
				};
			};
			buildConfigurationList = 984F37BB270DD80200707C6C /* Build configuration list for PBXProject "HW_2" */;
			compatibilityVersion = "Xcode 9.3";
			developmentRegion = en;
			hasScannedForEncodings = 0;
			knownRegions = (
				en,
				Base,
			);
			mainGroup = 984F37B7270DD80200707C6C;
			productRefGroup = 984F37C1270DD80200707C6C /* Products */;
			projectDirPath = "";
			projectRoot = "";
			targets = (
				984F37BF270DD80200707C6C /* HW_2 */,
			);
		};
/* End PBXProject section */

/* Begin PBXResourcesBuildPhase section */
		984F37BE270DD80200707C6C /* Resources */ = {
			isa = PBXResourcesBuildPhase;
			buildActionMask = 2147483647;
			files = (
				984F37D0270DD80300707C6C /* LaunchScreen.storyboard in Resources */,
				984F37CD270DD80300707C6C /* Assets.xcassets in Resources */,
				984F37CB270DD80200707C6C /* Main.storyboard in Resources */,
			);
			runOnlyForDeploymentPostprocessing = 0;
		};
/* End PBXResourcesBuildPhase section */

/* Begin PBXSourcesBuildPhase section */
		984F37BC270DD80200707C6C /* Sources */ = {
			isa = PBXSourcesBuildPhase;
			buildActionMask = 2147483647;
			files = (
				98821E17270E1806003550A3 /* NetworkManager.swift in Sources */,
				98821E13270E16BB003550A3 /* Model.swift in Sources */,
				984F37C8270DD80200707C6C /* SearchVC.swift in Sources */,
				984F37DD270DEEB700707C6C /* ResultVC.swift in Sources */,
				984F37C4270DD80200707C6C /* AppDelegate.swift in Sources */,
				984B054227108F9F00A01B34 /* ResultsTVC.swift in Sources */,
				984F37C6270DD80200707C6C /* SceneDelegate.swift in Sources */,
			);
			runOnlyForDeploymentPostprocessing = 0;
		};
/* End PBXSourcesBuildPhase section */

/* Begin PBXVariantGroup section */
		984F37C9270DD80200707C6C /* Main.storyboard */ = {
			isa = PBXVariantGroup;
			children = (
				984F37CA270DD80200707C6C /* Base */,
			);
			name = Main.storyboard;
			sourceTree = "<group>";
		};
		984F37CE270DD80300707C6C /* LaunchScreen.storyboard */ = {
			isa = PBXVariantGroup;
			children = (
				984F37CF270DD80300707C6C /* Base */,
			);
			name = LaunchScreen.storyboard;
			sourceTree = "<group>";
		};
/* End PBXVariantGroup section */

/* Begin XCBuildConfiguration section */
		984F37D2270DD80300707C6C /* Debug */ = {
			isa = XCBuildConfiguration;
			buildSettings = {
				ALWAYS_SEARCH_USER_PATHS = NO;
				CLANG_ANALYZER_NONNULL = YES;
				CLANG_ANALYZER_NUMBER_OBJECT_CONVERSION = YES_AGGRESSIVE;
				CLANG_CXX_LANGUAGE_STANDARD = "gnu++14";
				CLANG_CXX_LIBRARY = "libc++";
				CLANG_ENABLE_MODULES = YES;
				CLANG_ENABLE_OBJC_ARC = YES;
				CLANG_ENABLE_OBJC_WEAK = YES;
				CLANG_WARN_BLOCK_CAPTURE_AUTORELEASING = YES;
				CLANG_WARN_BOOL_CONVERSION = YES;
				CLANG_WARN_COMMA = YES;
				CLANG_WARN_CONSTANT_CONVERSION = YES;
				CLANG_WARN_DEPRECATED_OBJC_IMPLEMENTATIONS = YES;
				CLANG_WARN_DIRECT_OBJC_ISA_USAGE = YES_ERROR;
				CLANG_WARN_DOCUMENTATION_COMMENTS = YES;
				CLANG_WARN_EMPTY_BODY = YES;
				CLANG_WARN_ENUM_CONVERSION = YES;
				CLANG_WARN_INFINITE_RECURSION = YES;
				CLANG_WARN_INT_CONVERSION = YES;
				CLANG_WARN_NON_LITERAL_NULL_CONVERSION = YES;
				CLANG_WARN_OBJC_IMPLICIT_RETAIN_SELF = YES;
				CLANG_WARN_OBJC_LITERAL_CONVERSION = YES;
				CLANG_WARN_OBJC_ROOT_CLASS = YES_ERROR;
				CLANG_WARN_QUOTED_INCLUDE_IN_FRAMEWORK_HEADER = YES;
				CLANG_WARN_RANGE_LOOP_ANALYSIS = YES;
				CLANG_WARN_STRICT_PROTOTYPES = YES;
				CLANG_WARN_SUSPICIOUS_MOVE = YES;
				CLANG_WARN_UNGUARDED_AVAILABILITY = YES_AGGRESSIVE;
				CLANG_WARN_UNREACHABLE_CODE = YES;
				CLANG_WARN__DUPLICATE_METHOD_MATCH = YES;
				COPY_PHASE_STRIP = NO;
				DEBUG_INFORMATION_FORMAT = dwarf;
				ENABLE_STRICT_OBJC_MSGSEND = YES;
				ENABLE_TESTABILITY = YES;
				GCC_C_LANGUAGE_STANDARD = gnu11;
				GCC_DYNAMIC_NO_PIC = NO;
				GCC_NO_COMMON_BLOCKS = YES;
				GCC_OPTIMIZATION_LEVEL = 0;
				GCC_PREPROCESSOR_DEFINITIONS = (
					"DEBUG=1",
					"$(inherited)",
				);
				GCC_WARN_64_TO_32_BIT_CONVERSION = YES;
				GCC_WARN_ABOUT_RETURN_TYPE = YES_ERROR;
				GCC_WARN_UNDECLARED_SELECTOR = YES;
				GCC_WARN_UNINITIALIZED_AUTOS = YES_AGGRESSIVE;
				GCC_WARN_UNUSED_FUNCTION = YES;
				GCC_WARN_UNUSED_VARIABLE = YES;
				IPHONEOS_DEPLOYMENT_TARGET = 14.4;
				MTL_ENABLE_DEBUG_INFO = INCLUDE_SOURCE;
				MTL_FAST_MATH = YES;
				ONLY_ACTIVE_ARCH = YES;
				SDKROOT = iphoneos;
				SWIFT_ACTIVE_COMPILATION_CONDITIONS = DEBUG;
				SWIFT_OPTIMIZATION_LEVEL = "-Onone";
			};
			name = Debug;
		};
		984F37D3270DD80300707C6C /* Release */ = {
			isa = XCBuildConfiguration;
			buildSettings = {
				ALWAYS_SEARCH_USER_PATHS = NO;
				CLANG_ANALYZER_NONNULL = YES;
				CLANG_ANALYZER_NUMBER_OBJECT_CONVERSION = YES_AGGRESSIVE;
				CLANG_CXX_LANGUAGE_STANDARD = "gnu++14";
				CLANG_CXX_LIBRARY = "libc++";
				CLANG_ENABLE_MODULES = YES;
				CLANG_ENABLE_OBJC_ARC = YES;
				CLANG_ENABLE_OBJC_WEAK = YES;
				CLANG_WARN_BLOCK_CAPTURE_AUTORELEASING = YES;
				CLANG_WARN_BOOL_CONVERSION = YES;
				CLANG_WARN_COMMA = YES;
				CLANG_WARN_CONSTANT_CONVERSION = YES;
				CLANG_WARN_DEPRECATED_OBJC_IMPLEMENTATIONS = YES;
				CLANG_WARN_DIRECT_OBJC_ISA_USAGE = YES_ERROR;
				CLANG_WARN_DOCUMENTATION_COMMENTS = YES;
				CLANG_WARN_EMPTY_BODY = YES;
				CLANG_WARN_ENUM_CONVERSION = YES;
				CLANG_WARN_INFINITE_RECURSION = YES;
				CLANG_WARN_INT_CONVERSION = YES;
				CLANG_WARN_NON_LITERAL_NULL_CONVERSION = YES;
				CLANG_WARN_OBJC_IMPLICIT_RETAIN_SELF = YES;
				CLANG_WARN_OBJC_LITERAL_CONVERSION = YES;
				CLANG_WARN_OBJC_ROOT_CLASS = YES_ERROR;
				CLANG_WARN_QUOTED_INCLUDE_IN_FRAMEWORK_HEADER = YES;
				CLANG_WARN_RANGE_LOOP_ANALYSIS = YES;
				CLANG_WARN_STRICT_PROTOTYPES = YES;
				CLANG_WARN_SUSPICIOUS_MOVE = YES;
				CLANG_WARN_UNGUARDED_AVAILABILITY = YES_AGGRESSIVE;
				CLANG_WARN_UNREACHABLE_CODE = YES;
				CLANG_WARN__DUPLICATE_METHOD_MATCH = YES;
				COPY_PHASE_STRIP = NO;
				DEBUG_INFORMATION_FORMAT = "dwarf-with-dsym";
				ENABLE_NS_ASSERTIONS = NO;
				ENABLE_STRICT_OBJC_MSGSEND = YES;
				GCC_C_LANGUAGE_STANDARD = gnu11;
				GCC_NO_COMMON_BLOCKS = YES;
				GCC_WARN_64_TO_32_BIT_CONVERSION = YES;
				GCC_WARN_ABOUT_RETURN_TYPE = YES_ERROR;
				GCC_WARN_UNDECLARED_SELECTOR = YES;
				GCC_WARN_UNINITIALIZED_AUTOS = YES_AGGRESSIVE;
				GCC_WARN_UNUSED_FUNCTION = YES;
				GCC_WARN_UNUSED_VARIABLE = YES;
				IPHONEOS_DEPLOYMENT_TARGET = 14.4;
				MTL_ENABLE_DEBUG_INFO = NO;
				MTL_FAST_MATH = YES;
				SDKROOT = iphoneos;
				SWIFT_COMPILATION_MODE = wholemodule;
				SWIFT_OPTIMIZATION_LEVEL = "-O";
				VALIDATE_PRODUCT = YES;
			};
			name = Release;
		};
		984F37D5270DD80300707C6C /* Debug */ = {
			isa = XCBuildConfiguration;
			buildSettings = {
				ASSETCATALOG_COMPILER_APPICON_NAME = AppIcon;
				ASSETCATALOG_COMPILER_GLOBAL_ACCENT_COLOR_NAME = AccentColor;
				CODE_SIGN_STYLE = Automatic;
				DEVELOPMENT_TEAM = YTPU4X4DGE;
				INFOPLIST_FILE = HW_2/Info.plist;
				LD_RUNPATH_SEARCH_PATHS = (
					"$(inherited)",
					"@executable_path/Frameworks",
				);
				PRODUCT_BUNDLE_IDENTIFIER = "com.daniilalekseev.HW-2";
				PRODUCT_NAME = "$(TARGET_NAME)";
				SWIFT_VERSION = 5.0;
				TARGETED_DEVICE_FAMILY = "1,2";
			};
			name = Debug;
		};
		984F37D6270DD80300707C6C /* Release */ = {
			isa = XCBuildConfiguration;
			buildSettings = {
				ASSETCATALOG_COMPILER_APPICON_NAME = AppIcon;
				ASSETCATALOG_COMPILER_GLOBAL_ACCENT_COLOR_NAME = AccentColor;
				CODE_SIGN_STYLE = Automatic;
				DEVELOPMENT_TEAM = YTPU4X4DGE;
				INFOPLIST_FILE = HW_2/Info.plist;
				LD_RUNPATH_SEARCH_PATHS = (
					"$(inherited)",
					"@executable_path/Frameworks",
				);
				PRODUCT_BUNDLE_IDENTIFIER = "com.daniilalekseev.HW-2";
				PRODUCT_NAME = "$(TARGET_NAME)";
				SWIFT_VERSION = 5.0;
				TARGETED_DEVICE_FAMILY = "1,2";
			};
			name = Release;
		};
/* End XCBuildConfiguration section */

/* Begin XCConfigurationList section */
		984F37BB270DD80200707C6C /* Build configuration list for PBXProject "HW_2" */ = {
			isa = XCConfigurationList;
			buildConfigurations = (
				984F37D2270DD80300707C6C /* Debug */,
				984F37D3270DD80300707C6C /* Release */,
			);
			defaultConfigurationIsVisible = 0;
			defaultConfigurationName = Release;
		};
		984F37D4270DD80300707C6C /* Build configuration list for PBXNativeTarget "HW_2" */ = {
			isa = XCConfigurationList;
			buildConfigurations = (
				984F37D5270DD80300707C6C /* Debug */,
				984F37D6270DD80300707C6C /* Release */,
			);
			defaultConfigurationIsVisible = 0;
			defaultConfigurationName = Release;
		};
/* End XCConfigurationList section */
	};
	rootObject = 984F37B8270DD80200707C6C /* Project object */;
}
